
Microsoft Visual Studio Solution File, Format Version 12.00
# Visual Studio Version 17
VisualStudioVersion = 17.11.35303.130
MinimumVisualStudioVersion = 10.0.40219.1
Project("{FAE04EC0-301F-11D3-BF4B-00C04F79EFBC}") = "Prague Parking V1 VG", "Prague Parking V1 VG\Prague Parking V1 VG.csproj", "{4BCED39E-4F43-412B-BE19-8275BC24762E}"
EndProject
Global
	GlobalSection(SolutionConfigurationPlatforms) = preSolution
		Debug|Any CPU = Debug|Any CPU
		Release|Any CPU = Release|Any CPU
	EndGlobalSection
	GlobalSection(ProjectConfigurationPlatforms) = postSolution
		{4BCED39E-4F43-412B-BE19-8275BC24762E}.Debug|Any CPU.ActiveCfg = Debug|Any CPU
		{4BCED39E-4F43-412B-BE19-8275BC24762E}.Debug|Any CPU.Build.0 = Debug|Any CPU
		{4BCED39E-4F43-412B-BE19-8275BC24762E}.Release|Any CPU.ActiveCfg = Release|Any CPU
		{4BCED39E-4F43-412B-BE19-8275BC24762E}.Release|Any CPU.Build.0 = Release|Any CPU
	EndGlobalSection
	GlobalSection(SolutionProperties) = preSolution
		HideSolutionNode = FALSE
	EndGlobalSection
	GlobalSection(ExtensibilityGlobals) = postSolution
		SolutionGuid = {72BBFB42-6B19-4D88-A511-4AA7EE212106}
	EndGlobalSection
EndGlobal
